
Microsoft Visual Studio Solution File, Format Version 12.00
# Visual Studio 2013
VisualStudioVersion = 12.0.40629.0
MinimumVisualStudioVersion = 10.0.40219.1
Project("{FAE04EC0-301F-11D3-BF4B-00C04F79EFBC}") = "AuthenticationTest", "AuthenticationTest\AuthenticationTest.csproj", "{2A6D754B-D1D0-4D66-97D3-3FBFE29DD79C}"
EndProject
Project("{FAE04EC0-301F-11D3-BF4B-00C04F79EFBC}") = "UserTestIdentity", "UserTestIdentity\UserTestIdentity.csproj", "{8932BEAF-888E-4C5E-BA02-74F367F517FB}"
EndProject
Project("{FAE04EC0-301F-11D3-BF4B-00C04F79EFBC}") = "WebApplication1", "WebApplication1\WebApplication1.csproj", "{AA5A5BB6-42F3-4042-A47F-C6A9269D1172}"
EndProject
Project("{FAE04EC0-301F-11D3-BF4B-00C04F79EFBC}") = "TestIdentity", "TestIdentity\TestIdentity.csproj", "{9F1F2A88-119D-4794-BD3F-A4E6B30894D4}"
EndProject
Project("{FAE04EC0-301F-11D3-BF4B-00C04F79EFBC}") = "LastProjectIndetity", "LastProjectIndetity\LastProjectIndetity.csproj", "{8EA26EAE-89C1-4D31-8779-276664B2606E}"
EndProject
Global
	GlobalSection(SolutionConfigurationPlatforms) = preSolution
		Debug|Any CPU = Debug|Any CPU
		Release|Any CPU = Release|Any CPU
	EndGlobalSection
	GlobalSection(ProjectConfigurationPlatforms) = postSolution
		{2A6D754B-D1D0-4D66-97D3-3FBFE29DD79C}.Debug|Any CPU.ActiveCfg = Debug|Any CPU
		{2A6D754B-D1D0-4D66-97D3-3FBFE29DD79C}.Debug|Any CPU.Build.0 = Debug|Any CPU
		{2A6D754B-D1D0-4D66-97D3-3FBFE29DD79C}.Release|Any CPU.ActiveCfg = Release|Any CPU
		{2A6D754B-D1D0-4D66-97D3-3FBFE29DD79C}.Release|Any CPU.Build.0 = Release|Any CPU
		{8932BEAF-888E-4C5E-BA02-74F367F517FB}.Debug|Any CPU.ActiveCfg = Debug|Any CPU
		{8932BEAF-888E-4C5E-BA02-74F367F517FB}.Debug|Any CPU.Build.0 = Debug|Any CPU
		{8932BEAF-888E-4C5E-BA02-74F367F517FB}.Release|Any CPU.ActiveCfg = Release|Any CPU
		{8932BEAF-888E-4C5E-BA02-74F367F517FB}.Release|Any CPU.Build.0 = Release|Any CPU
		{AA5A5BB6-42F3-4042-A47F-C6A9269D1172}.Debug|Any CPU.ActiveCfg = Debug|Any CPU
		{AA5A5BB6-42F3-4042-A47F-C6A9269D1172}.Debug|Any CPU.Build.0 = Debug|Any CPU
		{AA5A5BB6-42F3-4042-A47F-C6A9269D1172}.Release|Any CPU.ActiveCfg = Release|Any CPU
		{AA5A5BB6-42F3-4042-A47F-C6A9269D1172}.Release|Any CPU.Build.0 = Release|Any CPU
		{9F1F2A88-119D-4794-BD3F-A4E6B30894D4}.Debug|Any CPU.ActiveCfg = Debug|Any CPU
		{9F1F2A88-119D-4794-BD3F-A4E6B30894D4}.Debug|Any CPU.Build.0 = Debug|Any CPU
		{9F1F2A88-119D-4794-BD3F-A4E6B30894D4}.Release|Any CPU.ActiveCfg = Release|Any CPU
		{9F1F2A88-119D-4794-BD3F-A4E6B30894D4}.Release|Any CPU.Build.0 = Release|Any CPU
		{8EA26EAE-89C1-4D31-8779-276664B2606E}.Debug|Any CPU.ActiveCfg = Debug|Any CPU
		{8EA26EAE-89C1-4D31-8779-276664B2606E}.Debug|Any CPU.Build.0 = Debug|Any CPU
		{8EA26EAE-89C1-4D31-8779-276664B2606E}.Release|Any CPU.ActiveCfg = Release|Any CPU
		{8EA26EAE-89C1-4D31-8779-276664B2606E}.Release|Any CPU.Build.0 = Release|Any CPU
	EndGlobalSection
	GlobalSection(SolutionProperties) = preSolution
		HideSolutionNode = FALSE
	EndGlobalSection
EndGlobal
